
Microsoft Visual Studio Solution File, Format Version 12.00
# Visual Studio 15
VisualStudioVersion = 15.0.26124.0
MinimumVisualStudioVersion = 15.0.26124.0
Project("{FAE04EC0-301F-11D3-BF4B-00C04F79EFBC}") = "HmacGenerator", "HmacGenerator\HmacGenerator.csproj", "{561981B2-E08F-4984-AC90-69F0F66B913F}"
EndProject
Project("{FAE04EC0-301F-11D3-BF4B-00C04F79EFBC}") = "MyConsole", "MyConsole\MyConsole.csproj", "{ED551DF1-7CF3-41E6-ABB7-1435B5AB902A}"
EndProject
Project("{FAE04EC0-301F-11D3-BF4B-00C04F79EFBC}") = "UnitTest", "UnitTest\UnitTest.csproj", "{C8E752DD-6232-4A4B-A08A-13077D427BB5}"
EndProject
Global
	GlobalSection(SolutionConfigurationPlatforms) = preSolution
		Debug|Any CPU = Debug|Any CPU
		Debug|x64 = Debug|x64
		Debug|x86 = Debug|x86
		Release|Any CPU = Release|Any CPU
		Release|x64 = Release|x64
		Release|x86 = Release|x86
	EndGlobalSection
	GlobalSection(SolutionProperties) = preSolution
		HideSolutionNode = FALSE
	EndGlobalSection
	GlobalSection(ProjectConfigurationPlatforms) = postSolution
		{561981B2-E08F-4984-AC90-69F0F66B913F}.Debug|Any CPU.ActiveCfg = Debug|Any CPU
		{561981B2-E08F-4984-AC90-69F0F66B913F}.Debug|Any CPU.Build.0 = Debug|Any CPU
		{561981B2-E08F-4984-AC90-69F0F66B913F}.Debug|x64.ActiveCfg = Debug|Any CPU
		{561981B2-E08F-4984-AC90-69F0F66B913F}.Debug|x64.Build.0 = Debug|Any CPU
		{561981B2-E08F-4984-AC90-69F0F66B913F}.Debug|x86.ActiveCfg = Debug|Any CPU
		{561981B2-E08F-4984-AC90-69F0F66B913F}.Debug|x86.Build.0 = Debug|Any CPU
		{561981B2-E08F-4984-AC90-69F0F66B913F}.Release|Any CPU.ActiveCfg = Release|Any CPU
		{561981B2-E08F-4984-AC90-69F0F66B913F}.Release|Any CPU.Build.0 = Release|Any CPU
		{561981B2-E08F-4984-AC90-69F0F66B913F}.Release|x64.ActiveCfg = Release|Any CPU
		{561981B2-E08F-4984-AC90-69F0F66B913F}.Release|x64.Build.0 = Release|Any CPU
		{561981B2-E08F-4984-AC90-69F0F66B913F}.Release|x86.ActiveCfg = Release|Any CPU
		{561981B2-E08F-4984-AC90-69F0F66B913F}.Release|x86.Build.0 = Release|Any CPU
		{ED551DF1-7CF3-41E6-ABB7-1435B5AB902A}.Debug|Any CPU.ActiveCfg = Debug|Any CPU
		{ED551DF1-7CF3-41E6-ABB7-1435B5AB902A}.Debug|Any CPU.Build.0 = Debug|Any CPU
		{ED551DF1-7CF3-41E6-ABB7-1435B5AB902A}.Debug|x64.ActiveCfg = Debug|Any CPU
		{ED551DF1-7CF3-41E6-ABB7-1435B5AB902A}.Debug|x64.Build.0 = Debug|Any CPU
		{ED551DF1-7CF3-41E6-ABB7-1435B5AB902A}.Debug|x86.ActiveCfg = Debug|Any CPU
		{ED551DF1-7CF3-41E6-ABB7-1435B5AB902A}.Debug|x86.Build.0 = Debug|Any CPU
		{ED551DF1-7CF3-41E6-ABB7-1435B5AB902A}.Release|Any CPU.ActiveCfg = Release|Any CPU
		{ED551DF1-7CF3-41E6-ABB7-1435B5AB902A}.Release|Any CPU.Build.0 = Release|Any CPU
		{ED551DF1-7CF3-41E6-ABB7-1435B5AB902A}.Release|x64.ActiveCfg = Release|Any CPU
		{ED551DF1-7CF3-41E6-ABB7-1435B5AB902A}.Release|x64.Build.0 = Release|Any CPU
		{ED551DF1-7CF3-41E6-ABB7-1435B5AB902A}.Release|x86.ActiveCfg = Release|Any CPU
		{ED551DF1-7CF3-41E6-ABB7-1435B5AB902A}.Release|x86.Build.0 = Release|Any CPU
		{C8E752DD-6232-4A4B-A08A-13077D427BB5}.Debug|Any CPU.ActiveCfg = Debug|Any CPU
		{C8E752DD-6232-4A4B-A08A-13077D427BB5}.Debug|Any CPU.Build.0 = Debug|Any CPU
		{C8E752DD-6232-4A4B-A08A-13077D427BB5}.Debug|x64.ActiveCfg = Debug|Any CPU
		{C8E752DD-6232-4A4B-A08A-13077D427BB5}.Debug|x64.Build.0 = Debug|Any CPU
		{C8E752DD-6232-4A4B-A08A-13077D427BB5}.Debug|x86.ActiveCfg = Debug|Any CPU
		{C8E752DD-6232-4A4B-A08A-13077D427BB5}.Debug|x86.Build.0 = Debug|Any CPU
		{C8E752DD-6232-4A4B-A08A-13077D427BB5}.Release|Any CPU.ActiveCfg = Release|Any CPU
		{C8E752DD-6232-4A4B-A08A-13077D427BB5}.Release|Any CPU.Build.0 = Release|Any CPU
		{C8E752DD-6232-4A4B-A08A-13077D427BB5}.Release|x64.ActiveCfg = Release|Any CPU
		{C8E752DD-6232-4A4B-A08A-13077D427BB5}.Release|x64.Build.0 = Release|Any CPU
		{C8E752DD-6232-4A4B-A08A-13077D427BB5}.Release|x86.ActiveCfg = Release|Any CPU
		{C8E752DD-6232-4A4B-A08A-13077D427BB5}.Release|x86.Build.0 = Release|Any CPU
	EndGlobalSection
EndGlobal
